// !$*UTF8*$!
{
	archiveVersion = 1;
	classes = {
	};
	objectVersion = 46;
	objects = {

/* Begin PBXBuildFile section */
		11DD6D381AE1CBB8005EB151 /* AppDelegate.swift in Sources */ = {isa = PBXBuildFile; fileRef = 11DD6D371AE1CBB8005EB151 /* AppDelegate.swift */; };
		11DD6D3B1AE1CBB8005EB151 /* Hyped.xcdatamodeld in Sources */ = {isa = PBXBuildFile; fileRef = 11DD6D391AE1CBB8005EB151 /* Hyped.xcdatamodeld */; };
		11DD6D3D1AE1CBB8005EB151 /* ViewController.swift in Sources */ = {isa = PBXBuildFile; fileRef = 11DD6D3C1AE1CBB8005EB151 /* ViewController.swift */; };
		11DD6D401AE1CBB8005EB151 /* Main.storyboard in Resources */ = {isa = PBXBuildFile; fileRef = 11DD6D3E1AE1CBB8005EB151 /* Main.storyboard */; };
		11DD6D421AE1CBB8005EB151 /* Images.xcassets in Resources */ = {isa = PBXBuildFile; fileRef = 11DD6D411AE1CBB8005EB151 /* Images.xcassets */; };
		11DD6D451AE1CBB8005EB151 /* LaunchScreen.xib in Resources */ = {isa = PBXBuildFile; fileRef = 11DD6D431AE1CBB8005EB151 /* LaunchScreen.xib */; };
		11DD6D511AE1CBB8005EB151 /* HypedTests.swift in Sources */ = {isa = PBXBuildFile; fileRef = 11DD6D501AE1CBB8005EB151 /* HypedTests.swift */; };
		11DD6D5B1AE1EE63005EB151 /* yellowJackets.jpg in Resources */ = {isa = PBXBuildFile; fileRef = 11DD6D5A1AE1EE63005EB151 /* yellowJackets.jpg */; };
		11DD6D5D1AE1FC4E005EB151 /* ReservationViewController.swift in Sources */ = {isa = PBXBuildFile; fileRef = 11DD6D5C1AE1FC4E005EB151 /* ReservationViewController.swift */; };
/* End PBXBuildFile section */

/* Begin PBXContainerItemProxy section */
		11DD6D4B1AE1CBB8005EB151 /* PBXContainerItemProxy */ = {
			isa = PBXContainerItemProxy;
			containerPortal = 11DD6D2A1AE1CBB8005EB151 /* Project object */;
			proxyType = 1;
			remoteGlobalIDString = 11DD6D311AE1CBB8005EB151;
			remoteInfo = Hyped;
		};
/* End PBXContainerItemProxy section */

/* Begin PBXFileReference section */
		11DD6D321AE1CBB8005EB151 /* Hyped.app */ = {isa = PBXFileReference; explicitFileType = wrapper.application; includeInIndex = 0; path = Hyped.app; sourceTree = BUILT_PRODUCTS_DIR; };
		11DD6D361AE1CBB8005EB151 /* Info.plist */ = {isa = PBXFileReference; lastKnownFileType = text.plist.xml; path = Info.plist; sourceTree = "<group>"; };
		11DD6D371AE1CBB8005EB151 /* AppDelegate.swift */ = {isa = PBXFileReference; lastKnownFileType = sourcecode.swift; path = AppDelegate.swift; sourceTree = "<group>"; };
		11DD6D3A1AE1CBB8005EB151 /* Hyped.xcdatamodel */ = {isa = PBXFileReference; lastKnownFileType = wrapper.xcdatamodel; path = Hyped.xcdatamodel; sourceTree = "<group>"; };
		11DD6D3C1AE1CBB8005EB151 /* ViewController.swift */ = {isa = PBXFileReference; lastKnownFileType = sourcecode.swift; path = ViewController.swift; sourceTree = "<group>"; };
		11DD6D3F1AE1CBB8005EB151 /* Base */ = {isa = PBXFileReference; lastKnownFileType = file.storyboard; name = Base; path = Base.lproj/Main.storyboard; sourceTree = "<group>"; };
		11DD6D411AE1CBB8005EB151 /* Images.xcassets */ = {isa = PBXFileReference; lastKnownFileType = folder.assetcatalog; path = Images.xcassets; sourceTree = "<group>"; };
		11DD6D441AE1CBB8005EB151 /* Base */ = {isa = PBXFileReference; lastKnownFileType = file.xib; name = Base; path = Base.lproj/LaunchScreen.xib; sourceTree = "<group>"; };
		11DD6D4A1AE1CBB8005EB151 /* HypedTests.xctest */ = {isa = PBXFileReference; explicitFileType = wrapper.cfbundle; includeInIndex = 0; path = HypedTests.xctest; sourceTree = BUILT_PRODUCTS_DIR; };
		11DD6D4F1AE1CBB8005EB151 /* Info.plist */ = {isa = PBXFileReference; lastKnownFileType = text.plist.xml; path = Info.plist; sourceTree = "<group>"; };
		11DD6D501AE1CBB8005EB151 /* HypedTests.swift */ = {isa = PBXFileReference; lastKnownFileType = sourcecode.swift; path = HypedTests.swift; sourceTree = "<group>"; };
		11DD6D5A1AE1EE63005EB151 /* yellowJackets.jpg */ = {isa = PBXFileReference; lastKnownFileType = image.jpeg; path = yellowJackets.jpg; sourceTree = "<group>"; };
		11DD6D5C1AE1FC4E005EB151 /* ReservationViewController.swift */ = {isa = PBXFileReference; fileEncoding = 4; lastKnownFileType = sourcecode.swift; path = ReservationViewController.swift; sourceTree = "<group>"; };
/* End PBXFileReference section */

/* Begin PBXFrameworksBuildPhase section */
		11DD6D2F1AE1CBB8005EB151 /* Frameworks */ = {
			isa = PBXFrameworksBuildPhase;
			buildActionMask = 2147483647;
			files = (
			);
			runOnlyForDeploymentPostprocessing = 0;
		};
		11DD6D471AE1CBB8005EB151 /* Frameworks */ = {
			isa = PBXFrameworksBuildPhase;
			buildActionMask = 2147483647;
			files = (
			);
			runOnlyForDeploymentPostprocessing = 0;
		};
/* End PBXFrameworksBuildPhase section */

/* Begin PBXGroup section */
		11DD6D291AE1CBB8005EB151 = {
			isa = PBXGroup;
			children = (
				11DD6D341AE1CBB8005EB151 /* Hyped */,
				11DD6D4D1AE1CBB8005EB151 /* HypedTests */,
				11DD6D331AE1CBB8005EB151 /* Products */,
			);
			sourceTree = "<group>";
		};
		11DD6D331AE1CBB8005EB151 /* Products */ = {
			isa = PBXGroup;
			children = (
				11DD6D321AE1CBB8005EB151 /* Hyped.app */,
				11DD6D4A1AE1CBB8005EB151 /* HypedTests.xctest */,
			);
			name = Products;
			sourceTree = "<group>";
		};
		11DD6D341AE1CBB8005EB151 /* Hyped */ = {
			isa = PBXGroup;
			children = (
				11DD6D371AE1CBB8005EB151 /* AppDelegate.swift */,
				11DD6D3C1AE1CBB8005EB151 /* ViewController.swift */,
				11DD6D3E1AE1CBB8005EB151 /* Main.storyboard */,
				11DD6D5C1AE1FC4E005EB151 /* ReservationViewController.swift */,
				11DD6D411AE1CBB8005EB151 /* Images.xcassets */,
				11DD6D5A1AE1EE63005EB151 /* yellowJackets.jpg */,
				11DD6D431AE1CBB8005EB151 /* LaunchScreen.xib */,
				11DD6D391AE1CBB8005EB151 /* Hyped.xcdatamodeld */,
				11DD6D351AE1CBB8005EB151 /* Supporting Files */,
			);
			path = Hyped;
			sourceTree = "<group>";
		};
		11DD6D351AE1CBB8005EB151 /* Supporting Files */ = {
			isa = PBXGroup;
			children = (
				11DD6D361AE1CBB8005EB151 /* Info.plist */,
			);
			name = "Supporting Files";
			sourceTree = "<group>";
		};
		11DD6D4D1AE1CBB8005EB151 /* HypedTests */ = {
			isa = PBXGroup;
			children = (
				11DD6D501AE1CBB8005EB151 /* HypedTests.swift */,
				11DD6D4E1AE1CBB8005EB151 /* Supporting Files */,
			);
			path = HypedTests;
			sourceTree = "<group>";
		};
		11DD6D4E1AE1CBB8005EB151 /* Supporting Files */ = {
			isa = PBXGroup;
			children = (
				11DD6D4F1AE1CBB8005EB151 /* Info.plist */,
			);
			name = "Supporting Files";
			sourceTree = "<group>";
		};
/* End PBXGroup section */

/* Begin PBXNativeTarget section */
		11DD6D311AE1CBB8005EB151 /* Hyped */ = {
			isa = PBXNativeTarget;
			buildConfigurationList = 11DD6D541AE1CBB8005EB151 /* Build configuration list for PBXNativeTarget "Hyped" */;
			buildPhases = (
				11DD6D2E1AE1CBB8005EB151 /* Sources */,
				11DD6D2F1AE1CBB8005EB151 /* Frameworks */,
				11DD6D301AE1CBB8005EB151 /* Resources */,
			);
			buildRules = (
			);
			dependencies = (
			);
			name = Hyped;
			productName = Hyped;
			productReference = 11DD6D321AE1CBB8005EB151 /* Hyped.app */;
			productType = "com.apple.product-type.application";
		};
		11DD6D491AE1CBB8005EB151 /* HypedTests */ = {
			isa = PBXNativeTarget;
			buildConfigurationList = 11DD6D571AE1CBB8005EB151 /* Build configuration list for PBXNativeTarget "HypedTests" */;
			buildPhases = (
				11DD6D461AE1CBB8005EB151 /* Sources */,
				11DD6D471AE1CBB8005EB151 /* Frameworks */,
				11DD6D481AE1CBB8005EB151 /* Resources */,
			);
			buildRules = (
			);
			dependencies = (
				11DD6D4C1AE1CBB8005EB151 /* PBXTargetDependency */,
			);
			name = HypedTests;
			productName = HypedTests;
			productReference = 11DD6D4A1AE1CBB8005EB151 /* HypedTests.xctest */;
			productType = "com.apple.product-type.bundle.unit-test";
		};
/* End PBXNativeTarget section */

/* Begin PBXProject section */
		11DD6D2A1AE1CBB8005EB151 /* Project object */ = {
			isa = PBXProject;
			attributes = {
				LastUpgradeCheck = 0630;
				ORGANIZATIONNAME = "Nikhil Kulkarni";
				TargetAttributes = {
					11DD6D311AE1CBB8005EB151 = {
						CreatedOnToolsVersion = 6.3;
					};
					11DD6D491AE1CBB8005EB151 = {
						CreatedOnToolsVersion = 6.3;
						TestTargetID = 11DD6D311AE1CBB8005EB151;
					};
				};
			};
			buildConfigurationList = 11DD6D2D1AE1CBB8005EB151 /* Build configuration list for PBXProject "Hyped" */;
			compatibilityVersion = "Xcode 3.2";
			developmentRegion = English;
			hasScannedForEncodings = 0;
			knownRegions = (
				en,
				Base,
			);
			mainGroup = 11DD6D291AE1CBB8005EB151;
			productRefGroup = 11DD6D331AE1CBB8005EB151 /* Products */;
			projectDirPath = "";
			projectRoot = "";
			targets = (
				11DD6D311AE1CBB8005EB151 /* Hyped */,
				11DD6D491AE1CBB8005EB151 /* HypedTests */,
			);
		};
/* End PBXProject section */

/* Begin PBXResourcesBuildPhase section */
		11DD6D301AE1CBB8005EB151 /* Resources */ = {
			isa = PBXResourcesBuildPhase;
			buildActionMask = 2147483647;
			files = (
				11DD6D401AE1CBB8005EB151 /* Main.storyboard in Resources */,
				11DD6D5B1AE1EE63005EB151 /* yellowJackets.jpg in Resources */,
				11DD6D451AE1CBB8005EB151 /* LaunchScreen.xib in Resources */,
				11DD6D421AE1CBB8005EB151 /* Images.xcassets in Resources */,
			);
			runOnlyForDeploymentPostprocessing = 0;
		};
		11DD6D481AE1CBB8005EB151 /* Resources */ = {
			isa = PBXResourcesBuildPhase;
			buildActionMask = 2147483647;
			files = (
			);
			runOnlyForDeploymentPostprocessing = 0;
		};
/* End PBXResourcesBuildPhase section */

/* Begin PBXSourcesBuildPhase section */
		11DD6D2E1AE1CBB8005EB151 /* Sources */ = {
			isa = PBXSourcesBuildPhase;
			buildActionMask = 2147483647;
			files = (
				11DD6D3D1AE1CBB8005EB151 /* ViewController.swift in Sources */,
				11DD6D3B1AE1CBB8005EB151 /* Hyped.xcdatamodeld in Sources */,
				11DD6D381AE1CBB8005EB151 /* AppDelegate.swift in Sources */,
				11DD6D5D1AE1FC4E005EB151 /* ReservationViewController.swift in Sources */,
			);
			runOnlyForDeploymentPostprocessing = 0;
		};
		11DD6D461AE1CBB8005EB151 /* Sources */ = {
			isa = PBXSourcesBuildPhase;
			buildActionMask = 2147483647;
			files = (
				11DD6D511AE1CBB8005EB151 /* HypedTests.swift in Sources */,
			);
			runOnlyForDeploymentPostprocessing = 0;
		};
/* End PBXSourcesBuildPhase section */

/* Begin PBXTargetDependency section */
		11DD6D4C1AE1CBB8005EB151 /* PBXTargetDependency */ = {
			isa = PBXTargetDependency;
			target = 11DD6D311AE1CBB8005EB151 /* Hyped */;
			targetProxy = 11DD6D4B1AE1CBB8005EB151 /* PBXContainerItemProxy */;
		};
/* End PBXTargetDependency section */

/* Begin PBXVariantGroup section */
		11DD6D3E1AE1CBB8005EB151 /* Main.storyboard */ = {
			isa = PBXVariantGroup;
			children = (
				11DD6D3F1AE1CBB8005EB151 /* Base */,
			);
			name = Main.storyboard;
			sourceTree = "<group>";
		};
		11DD6D431AE1CBB8005EB151 /* LaunchScreen.xib */ = {
			isa = PBXVariantGroup;
			children = (
				11DD6D441AE1CBB8005EB151 /* Base */,
			);
			name = LaunchScreen.xib;
			sourceTree = "<group>";
		};
/* End PBXVariantGroup section */

/* Begin XCBuildConfiguration section */
		11DD6D521AE1CBB8005EB151 /* Debug */ = {
			isa = XCBuildConfiguration;
			buildSettings = {
				ALWAYS_SEARCH_USER_PATHS = NO;
				CLANG_CXX_LANGUAGE_STANDARD = "gnu++0x";
				CLANG_CXX_LIBRARY = "libc++";
				CLANG_ENABLE_MODULES = YES;
				CLANG_ENABLE_OBJC_ARC = YES;
				CLANG_WARN_BOOL_CONVERSION = YES;
				CLANG_WARN_CONSTANT_CONVERSION = YES;
				CLANG_WARN_DIRECT_OBJC_ISA_USAGE = YES_ERROR;
				CLANG_WARN_EMPTY_BODY = YES;
				CLANG_WARN_ENUM_CONVERSION = YES;
				CLANG_WARN_INT_CONVERSION = YES;
				CLANG_WARN_OBJC_ROOT_CLASS = YES_ERROR;
				CLANG_WARN_UNREACHABLE_CODE = YES;
				CLANG_WARN__DUPLICATE_METHOD_MATCH = YES;
				"CODE_SIGN_IDENTITY[sdk=iphoneos*]" = "iPhone Developer";
				COPY_PHASE_STRIP = NO;
				DEBUG_INFORMATION_FORMAT = "dwarf-with-dsym";
				ENABLE_STRICT_OBJC_MSGSEND = YES;
				GCC_C_LANGUAGE_STANDARD = gnu99;
				GCC_DYNAMIC_NO_PIC = NO;
				GCC_NO_COMMON_BLOCKS = YES;
				GCC_OPTIMIZATION_LEVEL = 0;
				GCC_PREPROCESSOR_DEFINITIONS = (
					"DEBUG=1",
					"$(inherited)",
				);
				GCC_SYMBOLS_PRIVATE_EXTERN = NO;
				GCC_WARN_64_TO_32_BIT_CONVERSION = YES;
				GCC_WARN_ABOUT_RETURN_TYPE = YES_ERROR;
				GCC_WARN_UNDECLARED_SELECTOR = YES;
				GCC_WARN_UNINITIALIZED_AUTOS = YES_AGGRESSIVE;
				GCC_WARN_UNUSED_FUNCTION = YES;
				GCC_WARN_UNUSED_VARIABLE = YES;
				IPHONEOS_DEPLOYMENT_TARGET = 8.3;
				MTL_ENABLE_DEBUG_INFO = YES;
				ONLY_ACTIVE_ARCH = YES;
				SDKROOT = iphoneos;
				SWIFT_OPTIMIZATION_LEVEL = "-Onone";
			};
			name = Debug;
		};
		11DD6D531AE1CBB8005EB151 /* Release */ = {
			isa = XCBuildConfiguration;
			buildSettings = {
				ALWAYS_SEARCH_USER_PATHS = NO;
				CLANG_CXX_LANGUAGE_STANDARD = "gnu++0x";
				CLANG_CXX_LIBRARY = "libc++";
				CLANG_ENABLE_MODULES = YES;
				CLANG_ENABLE_OBJC_ARC = YES;
				CLANG_WARN_BOOL_CONVERSION = YES;
				CLANG_WARN_CONSTANT_CONVERSION = YES;
				CLANG_WARN_DIRECT_OBJC_ISA_USAGE = YES_ERROR;
				CLANG_WARN_EMPTY_BODY = YES;
				CLANG_WARN_ENUM_CONVERSION = YES;
				CLANG_WARN_INT_CONVERSION = YES;
				CLANG_WARN_OBJC_ROOT_CLASS = YES_ERROR;
				CLANG_WARN_UNREACHABLE_CODE = YES;
				CLANG_WARN__DUPLICATE_METHOD_MATCH = YES;
				"CODE_SIGN_IDENTITY[sdk=iphoneos*]" = "iPhone Developer";
				COPY_PHASE_STRIP = NO;
				DEBUG_INFORMATION_FORMAT = "dwarf-with-dsym";
				ENABLE_NS_ASSERTIONS = NO;
				ENABLE_STRICT_OBJC_MSGSEND = YES;
				GCC_C_LANGUAGE_STANDARD = gnu99;
				GCC_NO_COMMON_BLOCKS = YES;
				GCC_WARN_64_TO_32_BIT_CONVERSION = YES;
				GCC_WARN_ABOUT_RETURN_TYPE = YES_ERROR;
				GCC_WARN_UNDECLARED_SELECTOR = YES;
				GCC_WARN_UNINITIALIZED_AUTOS = YES_AGGRESSIVE;
				GCC_WARN_UNUSED_FUNCTION = YES;
				GCC_WARN_UNUSED_VARIABLE = YES;
				IPHONEOS_DEPLOYMENT_TARGET = 8.3;
				MTL_ENABLE_DEBUG_INFO = NO;
				SDKROOT = iphoneos;
				VALIDATE_PRODUCT = YES;
			};
			name = Release;
		};
		11DD6D551AE1CBB8005EB151 /* Debug */ = {
			isa = XCBuildConfiguration;
			buildSettings = {
				ASSETCATALOG_COMPILER_APPICON_NAME = AppIcon;
				CODE_SIGN_IDENTITY = "iPhone Developer: Nikhil Kulkarni (4UUM5VN9Z4)";
				INFOPLIST_FILE = Hyped/Info.plist;
				LD_RUNPATH_SEARCH_PATHS = "$(inherited) @executable_path/Frameworks";
				PRODUCT_NAME = Hyped;
			};
			name = Debug;
		};
		11DD6D561AE1CBB8005EB151 /* Release */ = {
			isa = XCBuildConfiguration;
			buildSettings = {
				ASSETCATALOG_COMPILER_APPICON_NAME = AppIcon;
				CODE_SIGN_IDENTITY = "iPhone Developer: Nikhil Kulkarni (4UUM5VN9Z4)";
				INFOPLIST_FILE = Hyped/Info.plist;
				LD_RUNPATH_SEARCH_PATHS = "$(inherited) @executable_path/Frameworks";
				PRODUCT_NAME = Hyped;
			};
			name = Release;
		};
		11DD6D581AE1CBB8005EB151 /* Debug */ = {
			isa = XCBuildConfiguration;
			buildSettings = {
				BUNDLE_LOADER = "$(TEST_HOST)";
				FRAMEWORK_SEARCH_PATHS = (
					"$(SDKROOT)/Developer/Library/Frameworks",
					"$(inherited)",
				);
				GCC_PREPROCESSOR_DEFINITIONS = (
					"DEBUG=1",
					"$(inherited)",
				);
				INFOPLIST_FILE = HypedTests/Info.plist;
				LD_RUNPATH_SEARCH_PATHS = "$(inherited) @executable_path/Frameworks @loader_path/Frameworks";
				PRODUCT_NAME = HypedTests;
				TEST_HOST = "$(BUILT_PRODUCTS_DIR)/Hyped.app/Hyped";
			};
			name = Debug;
		};
		11DD6D591AE1CBB8005EB151 /* Release */ = {
			isa = XCBuildConfiguration;
			buildSettings = {
				BUNDLE_LOADER = "$(TEST_HOST)";
				FRAMEWORK_SEARCH_PATHS = (
					"$(SDKROOT)/Developer/Library/Frameworks",
					"$(inherited)",
				);
				INFOPLIST_FILE = HypedTests/Info.plist;
				LD_RUNPATH_SEARCH_PATHS = "$(inherited) @executable_path/Frameworks @loader_path/Frameworks";
				PRODUCT_NAME = HypedTests;
				TEST_HOST = "$(BUILT_PRODUCTS_DIR)/Hyped.app/Hyped";
			};
			name = Release;
		};
/* End XCBuildConfiguration section */

/* Begin XCConfigurationList section */
		11DD6D2D1AE1CBB8005EB151 /* Build configuration list for PBXProject "Hyped" */ = {
			isa = XCConfigurationList;
			buildConfigurations = (
				11DD6D521AE1CBB8005EB151 /* Debug */,
				11DD6D531AE1CBB8005EB151 /* Release */,
			);
			defaultConfigurationIsVisible = 0;
			defaultConfigurationName = Release;
		};
		11DD6D541AE1CBB8005EB151 /* Build configuration list for PBXNativeTarget "Hyped" */ = {
			isa = XCConfigurationList;
			buildConfigurations = (
				11DD6D551AE1CBB8005EB151 /* Debug */,
				11DD6D561AE1CBB8005EB151 /* Release */,
			);
			defaultConfigurationIsVisible = 0;
			defaultConfigurationName = Release;
		};
		11DD6D571AE1CBB8005EB151 /* Build configuration list for PBXNativeTarget "HypedTests" */ = {
			isa = XCConfigurationList;
			buildConfigurations = (
				11DD6D581AE1CBB8005EB151 /* Debug */,
				11DD6D591AE1CBB8005EB151 /* Release */,
			);
			defaultConfigurationIsVisible = 0;
			defaultConfigurationName = Release;
		};
/* End XCConfigurationList section */

/* Begin XCVersionGroup section */
		11DD6D391AE1CBB8005EB151 /* Hyped.xcdatamodeld */ = {
			isa = XCVersionGroup;
			children = (
				11DD6D3A1AE1CBB8005EB151 /* Hyped.xcdatamodel */,
			);
			currentVersion = 11DD6D3A1AE1CBB8005EB151 /* Hyped.xcdatamodel */;
			path = Hyped.xcdatamodeld;
			sourceTree = "<group>";
			versionGroupType = wrapper.xcdatamodel;
		};
/* End XCVersionGroup section */
	};
	rootObject = 11DD6D2A1AE1CBB8005EB151 /* Project object */;
}
